
Microsoft Visual Studio Solution File, Format Version 12.00
# Visual Studio Version 18
VisualStudioVersion = 18.7.11925.98
MinimumVisualStudioVersion = 10.0.40219.1
Project("{2150E333-8FDC-42A3-9474-1A3956D46DE8}") = "Solution Items", "Solution Items", "{8EC462FD-D22E-90A8-E5CE-7E832BA40C5D}"
	ProjectSection(SolutionItems) = preProject
		.gitignore = .gitignore
		.github\copilot-instructions.md = .github\copilot-instructions.md
		lastWorkingWorkflow.txt = lastWorkingWorkflow.txt
		readme.md = readme.md
		.github\workflows\sayyit-db-action.yml = .github\workflows\sayyit-db-action.yml
		.github\workflows\sayyit-web-action.yml = .github\workflows\sayyit-web-action.yml
	EndProjectSection
EndProject
Project("{2150E333-8FDC-42A3-9474-1A3956D46DE8}") = "images", "images", "{02EA681E-C7D8-13C7-8484-4AC65E1B71E8}"
	ProjectSection(SolutionItems) = preProject
		C:\Users\Jason\Desktop\tanh_score_shape.png = C:\Users\Jason\Desktop\tanh_score_shape.png
	EndProjectSection
EndProject
Project("{2150E333-8FDC-42A3-9474-1A3956D46DE8}") = "scripts", "scripts", "{9C2F8B96-AC34-4E5C-8BE0-7075AFDFBD79}"
	ProjectSection(SolutionItems) = preProject
		EntraApp-registrations.ps1 = EntraApp-registrations.ps1
		..\SayyitInfrastructure\infra\main.bicep = ..\SayyitInfrastructure\infra\main.bicep
	EndProjectSection
EndProject
Project("{00D1A9C2-B5F0-4AF3-8072-F6C62B433612}") = "Sayyit.Db", "Sayyit.Db\Sayyit.Db.sqlproj", "{7607A45C-B59B-46D0-949C-D694A5FDB8A4}"
EndProject
Global
	GlobalSection(SolutionConfigurationPlatforms) = preSolution
		Debug|Any CPU = Debug|Any CPU
		Release|Any CPU = Release|Any CPU
	EndGlobalSection
	GlobalSection(ProjectConfigurationPlatforms) = postSolution
		{7607A45C-B59B-46D0-949C-D694A5FDB8A4}.Debug|Any CPU.ActiveCfg = Debug|Any CPU
		{7607A45C-B59B-46D0-949C-D694A5FDB8A4}.Debug|Any CPU.Build.0 = Debug|Any CPU
		{7607A45C-B59B-46D0-949C-D694A5FDB8A4}.Debug|Any CPU.Deploy.0 = Debug|Any CPU
		{7607A45C-B59B-46D0-949C-D694A5FDB8A4}.Release|Any CPU.ActiveCfg = Release|Any CPU
		{7607A45C-B59B-46D0-949C-D694A5FDB8A4}.Release|Any CPU.Build.0 = Release|Any CPU
		{7607A45C-B59B-46D0-949C-D694A5FDB8A4}.Release|Any CPU.Deploy.0 = Release|Any CPU
	EndGlobalSection
	GlobalSection(SolutionProperties) = preSolution
		HideSolutionNode = FALSE
	EndGlobalSection
	GlobalSection(NestedProjects) = preSolution
		{9C2F8B96-AC34-4E5C-8BE0-7075AFDFBD79} = {8EC462FD-D22E-90A8-E5CE-7E832BA40C5D}
	EndGlobalSection
	GlobalSection(ExtensibilityGlobals) = postSolution
		SolutionGuid = {851C644E-3450-42C8-96F0-5BC8AFDCE7A6}
	EndGlobalSection
EndGlobal
